
Microsoft Visual Studio Solution File, Format Version 12.00
# Visual Studio Version 16
VisualStudioVersion = 16.0.30907.101
MinimumVisualStudioVersion = 10.0.40219.1
Project("{FAE04EC0-301F-11D3-BF4B-00C04F79EFBC}") = "Constructors", "Constructors\Constructors.csproj", "{D94BD1A8-338C-4B7E-9735-622010333946}"
EndProject
Global
	GlobalSection(SolutionConfigurationPlatforms) = preSolution
		Debug|Any CPU = Debug|Any CPU
		Release|Any CPU = Release|Any CPU
	EndGlobalSection
	GlobalSection(ProjectConfigurationPlatforms) = postSolution
		{D94BD1A8-338C-4B7E-9735-622010333946}.Debug|Any CPU.ActiveCfg = Debug|Any CPU
		{D94BD1A8-338C-4B7E-9735-622010333946}.Debug|Any CPU.Build.0 = Debug|Any CPU
		{D94BD1A8-338C-4B7E-9735-622010333946}.Release|Any CPU.ActiveCfg = Release|Any CPU
		{D94BD1A8-338C-4B7E-9735-622010333946}.Release|Any CPU.Build.0 = Release|Any CPU
	EndGlobalSection
	GlobalSection(SolutionProperties) = preSolution
		HideSolutionNode = FALSE
	EndGlobalSection
	GlobalSection(ExtensibilityGlobals) = postSolution
		SolutionGuid = {6EAA3540-9D75-4E76-A05C-F2AEDDD9B290}
	EndGlobalSection
EndGlobal
